<?xml version="1.0" encoding="utf-8"?>
<Project ToolsVersion="4.0" xmlns="http://schemas.microsoft.com/developer/msbuild/2003">
  <ItemGroup>
    <ClCompile Include="Src\Application.cpp" />
    <ClCompile Include="Src\Common\Fader.cpp" />
    <ClCompile Include="Src\Common\Quaternion.cpp" />
    <ClCompile Include="Src\Common\Vector2.cpp" />
    <ClCompile Include="Src\main.cpp" />
    <ClCompile Include="Src\Utility\Utility.cpp" />
    <ClCompile Include="Src\Manager\Camera.cpp" />
    <ClCompile Include="Src\Manager\SoundManager.cpp" />
    <ClCompile Include="Src\Manager\Sound.cpp" />
    <ClCompile Include="Src\Manager\SceneManager.cpp" />
    <ClCompile Include="Src\Manager\ResourceManager.cpp" />
    <ClCompile Include="Src\Manager\Resource.cpp" />
    <ClCompile Include="Src\Manager\KeyConfig.cpp" />
    <ClCompile Include="Src\Manager\InputManager.cpp" />
    <ClCompile Include="Src\Scene\SceneBase.cpp" />
    <ClCompile Include="Src\Scene\SceneGame.cpp" />
    <ClCompile Include="Src\Scene\SceneTitle.cpp" />
    <ClCompile Include="Src\Common\IntVector3.cpp" />
    <ClCompile Include="Src\Object\Common\Transform.cpp" />
    <ClCompile Include="Src\Common\FpsController.cpp" />
    <ClCompile Include="Src\Manager\CollisionManager.cpp" />
    <ClCompile Include="Src\Manager\DrawTranslucentManager.cpp" />
    <ClCompile Include="Src\Manager\KeyMap.cpp" />
    <ClCompile Include="Src\Object\Common\Geometry\Capsule.cpp" />
    <ClCompile Include="Src\Object\Common\Geometry\Circumference.cpp" />
    <ClCompile Include="Src\Object\Common\Geometry\Cylinder.cpp" />
    <ClCompile Include="Src\Object\Common\Geometry\Geometry.cpp" />
    <ClCompile Include="Src\Object\Common\Geometry\Line3D.cpp" />
    <ClCompile Include="Src\Object\Common\Geometry\Sphere.cpp" />
    <ClCompile Include="Src\Object\Common\Geometry\Triangle3D.cpp" />
    <ClCompile Include="Src\Object\Common\AnimationController.cpp" />
    <ClCompile Include="Src\Object\Common\Collider.cpp" />
    <ClCompile Include="Src\Object\Common\Gravity.cpp" />
    <ClCompile Include="Src\Renderer\ModelMaterial.cpp" />
    <ClCompile Include="Src\Renderer\ModelRenderer.cpp" />
    <ClCompile Include="Src\Renderer\PixelMaterial.cpp" />
    <ClCompile Include="Src\Renderer\PixelRenderer.cpp" />
    <ClCompile Include="Src\Renderer\VertexMaterial.cpp" />
    <ClCompile Include="Src\Renderer\VertexRenderer.cpp" />
    <ClCompile Include="Src\Renderer\BaseRenderer.cpp" />
    <ClCompile Include="Src\Renderer\Polygon2DMaterial.cpp" />
    <ClCompile Include="Src\Renderer\Polygon2DRenderer.cpp" />
    <ClCompile Include="Src\Renderer\Polygon3DMaterial.cpp" />
    <ClCompile Include="Src\Renderer\Polygon3DRenderer.cpp" />
    <ClCompile Include="Src\Object\ObjectBase.cpp" />
  </ItemGroup>
  <ItemGroup>
    <ClInclude Include="Src\Common\IntVector3.h" />
    <ClInclude Include="Src\Application.h" />
    <ClInclude Include="Src\Common\Fader.h" />
    <ClInclude Include="Src\Common\Quaternion.h" />
    <ClInclude Include="Src\Common\Vector2.h" />
    <ClInclude Include="Src\main.h" />
    <ClInclude Include="Src\Utility\Utility.h" />
    <ClInclude Include="Src\Manager\SoundManager.h" />
    <ClInclude Include="Src\Manager\Sound.h" />
    <ClInclude Include="Src\Manager\SceneManager.h" />
    <ClInclude Include="Src\Manager\ResourceManager.h" />
    <ClInclude Include="Src\Manager\Resource.h" />
    <ClInclude Include="Src\Manager\KeyConfig.h" />
    <ClInclude Include="Src\Manager\InputManager.h" />
    <ClInclude Include="Src\Manager\Camera.h" />
    <ClInclude Include="Src\Scene\SceneBase.h" />
    <ClInclude Include="Src\Scene\SceneGame.h" />
    <ClInclude Include="Src\Scene\SceneTitle.h" />
    <ClInclude Include="Src\Object\Common\Transform.h" />
    <ClInclude Include="Src\Common\FpsController.h" />
    <ClInclude Include="Src\Lib\DxLib\DxCompileConfig.h" />
    <ClInclude Include="Src\Lib\DxLib\DxDataType.h" />
    <ClInclude Include="Src\Lib\DxLib\DxDataTypeWin.h" />
    <ClInclude Include="Src\Lib\DxLib\DxFunctionWin.h" />
    <ClInclude Include="Src\Lib\DxLib\DxLib.h" />
    <ClInclude Include="Src\Lib\DxLib\Effekseer.h" />
    <ClInclude Include="Src\Lib\DxLib\Effekseer.Modules.h" />
    <ClInclude Include="Src\Lib\DxLib\Effekseer.SIMD.h" />
    <ClInclude Include="Src\Lib\DxLib\EffekseerForDXLib.h" />
    <ClInclude Include="Src\Lib\DxLib\EffekseerRendererDX9.h" />
    <ClInclude Include="Src\Lib\DxLib\EffekseerRendererDX11.h" />
    <ClInclude Include="Src\Manager\CollisionManager.h" />
    <ClInclude Include="Src\Manager\DrawTranslucentManager.h" />
    <ClInclude Include="Src\Manager\KeyMap.h" />
    <ClInclude Include="Src\Object\Common\Geometry\Capsule.h" />
    <ClInclude Include="Src\Object\Common\Geometry\Circumference.h" />
    <ClInclude Include="Src\Object\Common\Geometry\Cylinder.h" />
    <ClInclude Include="Src\Object\Common\Geometry\Geometry.h" />
    <ClInclude Include="Src\Object\Common\Geometry\Line3D.h" />
    <ClInclude Include="Src\Object\Common\Geometry\Sphere.h" />
    <ClInclude Include="Src\Object\Common\Geometry\Triangle3D.h" />
    <ClInclude Include="Src\Object\Common\AnimationController.h" />
    <ClInclude Include="Src\Object\Common\Collider.h" />
    <ClInclude Include="Src\Object\Common\Gravity.h" />
    <ClInclude Include="Src\Renderer\ModelMaterial.h" />
    <ClInclude Include="Src\Renderer\ModelRenderer.h" />
    <ClInclude Include="Src\Renderer\PixelMaterial.h" />
    <ClInclude Include="Src\Renderer\PixelRenderer.h" />
    <ClInclude Include="Src\Renderer\VertexMaterial.h" />
    <ClInclude Include="Src\Renderer\VertexRenderer.h" />
    <ClInclude Include="Src\Renderer\BaseRenderer.h" />
    <ClInclude Include="Src\Renderer\Polygon2DMaterial.h" />
    <ClInclude Include="Src\Renderer\Polygon2DRenderer.h" />
    <ClInclude Include="Src\Renderer\Polygon3DMaterial.h" />
    <ClInclude Include="Src\Renderer\Polygon3DRenderer.h" />
    <ClInclude Include="Src\Object\ObjectBase.h" />
  </ItemGroup>
</Project>